
Microsoft Visual Studio Solution File, Format Version 12.00
# Visual Studio 15
VisualStudioVersion = 15.0.28307.1062
MinimumVisualStudioVersion = 10.0.40219.1
Project("{FAE04EC0-301F-11D3-BF4B-00C04F79EFBC}") = "AbstractFabctoryPattern", "AbstractFabctoryPattern\AbstractFabctoryPattern.csproj", "{42190E18-E179-44F6-BFC7-A3725BD6F34D}"
EndProject
Global
	GlobalSection(SolutionConfigurationPlatforms) = preSolution
		Debug|Any CPU = Debug|Any CPU
		Release|Any CPU = Release|Any CPU
	EndGlobalSection
	GlobalSection(ProjectConfigurationPlatforms) = postSolution
		{42190E18-E179-44F6-BFC7-A3725BD6F34D}.Debug|Any CPU.ActiveCfg = Debug|Any CPU
		{42190E18-E179-44F6-BFC7-A3725BD6F34D}.Debug|Any CPU.Build.0 = Debug|Any CPU
		{42190E18-E179-44F6-BFC7-A3725BD6F34D}.Release|Any CPU.ActiveCfg = Release|Any CPU
		{42190E18-E179-44F6-BFC7-A3725BD6F34D}.Release|Any CPU.Build.0 = Release|Any CPU
	EndGlobalSection
	GlobalSection(SolutionProperties) = preSolution
		HideSolutionNode = FALSE
	EndGlobalSection
	GlobalSection(ExtensibilityGlobals) = postSolution
		SolutionGuid = {C1436B9E-118F-474B-BFA1-CDA8B858727E}
	EndGlobalSection
EndGlobal
