
Microsoft Visual Studio Solution File, Format Version 12.00
# Visual Studio 15
VisualStudioVersion = 15.0.28307.489
MinimumVisualStudioVersion = 10.0.40219.1
Project("{FAE04EC0-301F-11D3-BF4B-00C04F79EFBC}") = "TaxiProject", "TaxiProject\TaxiProject.csproj", "{CFE6CD6D-F64E-4733-A7BE-66AE4550B0E8}"
EndProject
Global
	GlobalSection(SolutionConfigurationPlatforms) = preSolution
		Debug|Any CPU = Debug|Any CPU
		Release|Any CPU = Release|Any CPU
	EndGlobalSection
	GlobalSection(ProjectConfigurationPlatforms) = postSolution
		{CFE6CD6D-F64E-4733-A7BE-66AE4550B0E8}.Debug|Any CPU.ActiveCfg = Debug|Any CPU
		{CFE6CD6D-F64E-4733-A7BE-66AE4550B0E8}.Debug|Any CPU.Build.0 = Debug|Any CPU
		{CFE6CD6D-F64E-4733-A7BE-66AE4550B0E8}.Release|Any CPU.ActiveCfg = Release|Any CPU
		{CFE6CD6D-F64E-4733-A7BE-66AE4550B0E8}.Release|Any CPU.Build.0 = Release|Any CPU
	EndGlobalSection
	GlobalSection(SolutionProperties) = preSolution
		HideSolutionNode = FALSE
	EndGlobalSection
	GlobalSection(ExtensibilityGlobals) = postSolution
		SolutionGuid = {37E83FE3-24DC-4632-A9A3-23A4B0B6F0BF}
	EndGlobalSection
EndGlobal
