
Microsoft Visual Studio Solution File, Format Version 12.00
# Visual Studio 15
VisualStudioVersion = 15.0.28307.1062
MinimumVisualStudioVersion = 10.0.40219.1
Project("{FAE04EC0-301F-11D3-BF4B-00C04F79EFBC}") = "StrategyPattern", "StrategyPattern\StrategyPattern.csproj", "{575C925F-A3A2-4819-BEBA-43F9175C8EDC}"
EndProject
Global
	GlobalSection(SolutionConfigurationPlatforms) = preSolution
		Debug|Any CPU = Debug|Any CPU
		Release|Any CPU = Release|Any CPU
	EndGlobalSection
	GlobalSection(ProjectConfigurationPlatforms) = postSolution
		{575C925F-A3A2-4819-BEBA-43F9175C8EDC}.Debug|Any CPU.ActiveCfg = Debug|Any CPU
		{575C925F-A3A2-4819-BEBA-43F9175C8EDC}.Debug|Any CPU.Build.0 = Debug|Any CPU
		{575C925F-A3A2-4819-BEBA-43F9175C8EDC}.Release|Any CPU.ActiveCfg = Release|Any CPU
		{575C925F-A3A2-4819-BEBA-43F9175C8EDC}.Release|Any CPU.Build.0 = Release|Any CPU
	EndGlobalSection
	GlobalSection(SolutionProperties) = preSolution
		HideSolutionNode = FALSE
	EndGlobalSection
	GlobalSection(ExtensibilityGlobals) = postSolution
		SolutionGuid = {61BDCC56-98F8-4A9B-B36A-20EE0E464A07}
	EndGlobalSection
EndGlobal
